
Microsoft Visual Studio Solution File, Format Version 12.00
# Visual Studio Version 17
VisualStudioVersion = 17.13.35818.85 d17.13
MinimumVisualStudioVersion = 10.0.40219.1
Project("{FAE04EC0-301F-11D3-BF4B-00C04F79EFBC}") = "MQBroker", "MQBroker\MQBroker.csproj", "{36F1758E-3A4F-48C2-8879-B14E4E55DE50}"
EndProject
Global
	GlobalSection(SolutionConfigurationPlatforms) = preSolution
		Debug|Any CPU = Debug|Any CPU
		Release|Any CPU = Release|Any CPU
	EndGlobalSection
	GlobalSection(ProjectConfigurationPlatforms) = postSolution
		{36F1758E-3A4F-48C2-8879-B14E4E55DE50}.Debug|Any CPU.ActiveCfg = Debug|Any CPU
		{36F1758E-3A4F-48C2-8879-B14E4E55DE50}.Debug|Any CPU.Build.0 = Debug|Any CPU
		{36F1758E-3A4F-48C2-8879-B14E4E55DE50}.Release|Any CPU.ActiveCfg = Release|Any CPU
		{36F1758E-3A4F-48C2-8879-B14E4E55DE50}.Release|Any CPU.Build.0 = Release|Any CPU
	EndGlobalSection
	GlobalSection(SolutionProperties) = preSolution
		HideSolutionNode = FALSE
	EndGlobalSection
	GlobalSection(ExtensibilityGlobals) = postSolution
		SolutionGuid = {F3267C7F-FB42-487B-8A61-B265D137AD9E}
	EndGlobalSection
EndGlobal
